
Microsoft Visual Studio Solution File, Format Version 12.00
# Visual Studio Version 16
VisualStudioVersion = 16.0.29609.76
MinimumVisualStudioVersion = 10.0.40219.1
Project("{2150E333-8FDC-42A3-9474-1A3956D46DE8}") = "_OtherStuff", "_OtherStuff", "{2CB18865-9C1C-44A9-A1DF-BD112DB91F2D}"
	ProjectSection(SolutionItems) = preProject
		_OtherStuff\_StuffGoodToKnow.xml = _OtherStuff\_StuffGoodToKnow.xml
		_OtherStuff\_TODO.xml = _OtherStuff\_TODO.xml
		_OtherStuff\_TranslationUsedNumbers.xml = _OtherStuff\_TranslationUsedNumbers.xml
		_OtherStuff\_X4AIOrderTemplateCode.xml = _OtherStuff\_X4AIOrderTemplateCode.xml
	EndProjectSection
EndProject
Project("{8BC9CEB8-8B4A-11D0-8D11-00A0C91BC942}") = "JP_TradeOrderExplorer", "JP_TradeOrderExplorer\JP_TradeOrderExplorer.vcxproj", "{5C91C12B-A737-4653-9557-D0FFF5F3A9B2}"
EndProject
Project("{8BC9CEB8-8B4A-11D0-8D11-00A0C91BC942}") = "JP_TestMod", "JP_TestMod\JP_TestMod.vcxproj", "{3F642113-C472-45B4-9026-EF0BA6E8D854}"
EndProject
Project("{8BC9CEB8-8B4A-11D0-8D11-00A0C91BC942}") = "JP_TeleportShip", "JP_TeleportShip\JP_TeleportShip.vcxproj", "{B8467627-E3F5-4923-A056-7659F5E62EDF}"
EndProject
Project("{8BC9CEB8-8B4A-11D0-8D11-00A0C91BC942}") = "JP_StationAutoCreditTransfer", "JP_StationAutoCreditTransfer\JP_StationAutoCreditTransfer.vcxproj", "{D817A666-4288-4E54-BBBF-30F4E56B9AE1}"
EndProject
Project("{8BC9CEB8-8B4A-11D0-8D11-00A0C91BC942}") = "JP_ShowMePlayerStuffDestroyed", "JP_ShowMePlayerStuffDestroyed\JP_ShowMePlayerStuffDestroyed.vcxproj", "{052B9BF1-E89B-4095-8C9E-311FF260C634}"
EndProject
Project("{8BC9CEB8-8B4A-11D0-8D11-00A0C91BC942}") = "JP_SetFleetNameColor", "JP_SetFleetNameColor\JP_SetFleetNameColor.vcxproj", "{86BA0666-41A1-4DAC-81D0-1F249904D632}"
EndProject
Project("{8BC9CEB8-8B4A-11D0-8D11-00A0C91BC942}") = "JP_ScriptLibrary", "JP_ScriptLibrary\JP_ScriptLibrary.vcxproj", "{242EDE3D-0DC0-48BD-83D6-3679B7EEAE61}"
EndProject
Project("{8BC9CEB8-8B4A-11D0-8D11-00A0C91BC942}") = "JP_ProtectPosition", "JP_ProtectPosition\JP_ProtectPosition.vcxproj", "{BA0D715B-6388-4897-A820-2586E531A803}"
EndProject
Project("{8BC9CEB8-8B4A-11D0-8D11-00A0C91BC942}") = "JP_NumberMyShips", "JP_NumberMyShips\JP_NumberMyShips.vcxproj", "{AEA7F6E9-D1DC-440C-828F-C54AC5779149}"
EndProject
Project("{8BC9CEB8-8B4A-11D0-8D11-00A0C91BC942}") = "JP_MultiRename", "JP_MultiRename\JP_MultiRename.vcxproj", "{82B854D8-D015-4237-9E53-308F27A8B989}"
EndProject
Project("{8BC9CEB8-8B4A-11D0-8D11-00A0C91BC942}") = "JP_FleetDocking", "JP_FleetDocking\JP_FleetDocking.vcxproj", "{C98B6CA6-F91C-4F68-9065-0AA7C6304665}"
EndProject
Project("{8BC9CEB8-8B4A-11D0-8D11-00A0C91BC942}") = "JP_FleeFast", "JP_FleeFast\JP_FleeFast.vcxproj", "{9C62FACB-B97C-4D69-8B85-E4BB77834D98}"
EndProject
Project("{8BC9CEB8-8B4A-11D0-8D11-00A0C91BC942}") = "JP_EscortMe", "JP_EscortMe\JP_EscortMe.vcxproj", "{4310D2D5-BC28-4956-B7AC-C308557BC4B8}"
EndProject
Project("{8BC9CEB8-8B4A-11D0-8D11-00A0C91BC942}") = "JP_DroneAttack", "JP_DroneAttack\JP_DroneAttack.vcxproj", "{D50884F3-4631-409C-92B7-BB7414EDF8B0}"
EndProject
Project("{8BC9CEB8-8B4A-11D0-8D11-00A0C91BC942}") = "JP_DissolveFleet", "JP_DissolveFleet\JP_DissolveFleet.vcxproj", "{1AAB362C-23C3-4DBC-9384-5A9ECF91742C}"
EndProject
Project("{8BC9CEB8-8B4A-11D0-8D11-00A0C91BC942}") = "JP_DataVaultExplorer", "JP_DataVaultExplorer\JP_DataVaultExplorer.vcxproj", "{E791A322-2E0C-46C1-816A-6C60B20471F1}"
EndProject
Project("{8BC9CEB8-8B4A-11D0-8D11-00A0C91BC942}") = "JP_CollectPlaceables", "JP_CollectPlaceables\JP_CollectPlaceables.vcxproj", "{6D70AA31-1F8E-41E9-9A28-3B8F3D812E43}"
EndProject
Project("{8BC9CEB8-8B4A-11D0-8D11-00A0C91BC942}") = "JP_CollectDroppedCargo", "JP_CollectDroppedCargo\JP_CollectDroppedCargo.vcxproj", "{4EE48CD8-D6F0-41EC-95A0-C029D6B34712}"
EndProject
Project("{8BC9CEB8-8B4A-11D0-8D11-00A0C91BC942}") = "JP_AttackObject", "JP_AttackObject\JP_AttackObject.vcxproj", "{919BAA4B-EBFA-4626-80C9-B63C8E1AE1FB}"
EndProject
Project("{8BC9CEB8-8B4A-11D0-8D11-00A0C91BC942}") = "JP_AnotherFleetLogic", "JP_AnotherFleetLogic\JP_AnotherFleetLogic.vcxproj", "{FCDD98EA-2A0B-4060-BD17-379F1F786143}"
EndProject
Project("{8BC9CEB8-8B4A-11D0-8D11-00A0C91BC942}") = "JP_AnotherExplorerV2", "JP_AnotherExplorerV2\JP_AnotherExplorerV2.vcxproj", "{C0748B92-13C1-4E04-B671-810115373EAE}"
EndProject
Project("{8BC9CEB8-8B4A-11D0-8D11-00A0C91BC942}") = "JP_AddTag", "JP_AddTag\JP_AddTag.vcxproj", "{71D022DA-C902-430F-9B39-509C3C7AA96D}"
EndProject
Project("{8BC9CEB8-8B4A-11D0-8D11-00A0C91BC942}") = "JP_AbandonedShipExplorer", "JP_AbandonedShipExplorer\JP_AbandonedShipExplorer.vcxproj", "{C937904B-3E6F-4797-B012-7A44127DB8C3}"
EndProject
Project("{8BC9CEB8-8B4A-11D0-8D11-00A0C91BC942}") = "JP_AnotherFleetBehavior", "JP_AnotherFleetBehavior\JP_AnotherFleetBehavior.vcxproj", "{BCBFA96A-5473-48B4-AA34-A7325311B3A7}"
EndProject
Project("{8BC9CEB8-8B4A-11D0-8D11-00A0C91BC942}") = "JP_GiveMeMoney", "JP_GiveMeMoney\JP_GiveMeMoney.vcxproj", "{6F3C0C8B-6395-44CA-825A-22BAD3797E78}"
EndProject
Project("{2150E333-8FDC-42A3-9474-1A3956D46DE8}") = "md", "md", "{D39664E7-33EB-450C-AA70-4BD8C6EBC25A}"
	ProjectSection(SolutionItems) = preProject
		_OtherStuff\md\md.xsd = _OtherStuff\md\md.xsd
	EndProjectSection
EndProject
Project("{2150E333-8FDC-42A3-9474-1A3956D46DE8}") = "aiscripts", "aiscripts", "{019C8F2A-BDC8-4D44-94F9-1797ABFB245E}"
	ProjectSection(SolutionItems) = preProject
		_OtherStuff\aiscripts\aiscripts.xsd = _OtherStuff\aiscripts\aiscripts.xsd
	EndProjectSection
EndProject
Project("{8BC9CEB8-8B4A-11D0-8D11-00A0C91BC942}") = "JP_AnotherAutoSave", "JP_AnotherAutoSave\JP_AnotherAutoSave.vcxproj", "{D18BBD76-6880-409C-B956-5EB4814D44F2}"
EndProject
Project("{8BC9CEB8-8B4A-11D0-8D11-00A0C91BC942}") = "JP_GoSupply", "JP_GoSupply\JP_GoSupply.vcxproj", "{F134F6C6-D53E-417E-AC6A-333EDC3AF65F}"
EndProject
Project("{8BC9CEB8-8B4A-11D0-8D11-00A0C91BC942}") = "JP_SatelliteDropper", "JP_SatelliteDropper\JP_SatelliteDropper.vcxproj", "{803C9D25-A4AA-4302-959B-51CDE0B6E8D8}"
EndProject
Global
	GlobalSection(SolutionConfigurationPlatforms) = preSolution
		Debug|x64 = Debug|x64
		Debug|x86 = Debug|x86
		Release|x64 = Release|x64
		Release|x86 = Release|x86
	EndGlobalSection
	GlobalSection(ProjectConfigurationPlatforms) = postSolution
		{5C91C12B-A737-4653-9557-D0FFF5F3A9B2}.Debug|x64.ActiveCfg = Debug|x64
		{5C91C12B-A737-4653-9557-D0FFF5F3A9B2}.Debug|x64.Build.0 = Debug|x64
		{5C91C12B-A737-4653-9557-D0FFF5F3A9B2}.Debug|x86.ActiveCfg = Debug|Win32
		{5C91C12B-A737-4653-9557-D0FFF5F3A9B2}.Debug|x86.Build.0 = Debug|Win32
		{5C91C12B-A737-4653-9557-D0FFF5F3A9B2}.Release|x64.ActiveCfg = Release|x64
		{5C91C12B-A737-4653-9557-D0FFF5F3A9B2}.Release|x64.Build.0 = Release|x64
		{5C91C12B-A737-4653-9557-D0FFF5F3A9B2}.Release|x86.ActiveCfg = Release|Win32
		{5C91C12B-A737-4653-9557-D0FFF5F3A9B2}.Release|x86.Build.0 = Release|Win32
		{3F642113-C472-45B4-9026-EF0BA6E8D854}.Debug|x64.ActiveCfg = Debug|x64
		{3F642113-C472-45B4-9026-EF0BA6E8D854}.Debug|x64.Build.0 = Debug|x64
		{3F642113-C472-45B4-9026-EF0BA6E8D854}.Debug|x86.ActiveCfg = Debug|Win32
		{3F642113-C472-45B4-9026-EF0BA6E8D854}.Debug|x86.Build.0 = Debug|Win32
		{3F642113-C472-45B4-9026-EF0BA6E8D854}.Release|x64.ActiveCfg = Release|x64
		{3F642113-C472-45B4-9026-EF0BA6E8D854}.Release|x64.Build.0 = Release|x64
		{3F642113-C472-45B4-9026-EF0BA6E8D854}.Release|x86.ActiveCfg = Release|Win32
		{3F642113-C472-45B4-9026-EF0BA6E8D854}.Release|x86.Build.0 = Release|Win32
		{B8467627-E3F5-4923-A056-7659F5E62EDF}.Debug|x64.ActiveCfg = Debug|x64
		{B8467627-E3F5-4923-A056-7659F5E62EDF}.Debug|x64.Build.0 = Debug|x64
		{B8467627-E3F5-4923-A056-7659F5E62EDF}.Debug|x86.ActiveCfg = Debug|Win32
		{B8467627-E3F5-4923-A056-7659F5E62EDF}.Debug|x86.Build.0 = Debug|Win32
		{B8467627-E3F5-4923-A056-7659F5E62EDF}.Release|x64.ActiveCfg = Release|x64
		{B8467627-E3F5-4923-A056-7659F5E62EDF}.Release|x64.Build.0 = Release|x64
		{B8467627-E3F5-4923-A056-7659F5E62EDF}.Release|x86.ActiveCfg = Release|Win32
		{B8467627-E3F5-4923-A056-7659F5E62EDF}.Release|x86.Build.0 = Release|Win32
		{D817A666-4288-4E54-BBBF-30F4E56B9AE1}.Debug|x64.ActiveCfg = Debug|x64
		{D817A666-4288-4E54-BBBF-30F4E56B9AE1}.Debug|x64.Build.0 = Debug|x64
		{D817A666-4288-4E54-BBBF-30F4E56B9AE1}.Debug|x86.ActiveCfg = Debug|Win32
		{D817A666-4288-4E54-BBBF-30F4E56B9AE1}.Debug|x86.Build.0 = Debug|Win32
		{D817A666-4288-4E54-BBBF-30F4E56B9AE1}.Release|x64.ActiveCfg = Release|x64
		{D817A666-4288-4E54-BBBF-30F4E56B9AE1}.Release|x64.Build.0 = Release|x64
		{D817A666-4288-4E54-BBBF-30F4E56B9AE1}.Release|x86.ActiveCfg = Release|Win32
		{D817A666-4288-4E54-BBBF-30F4E56B9AE1}.Release|x86.Build.0 = Release|Win32
		{052B9BF1-E89B-4095-8C9E-311FF260C634}.Debug|x64.ActiveCfg = Debug|x64
		{052B9BF1-E89B-4095-8C9E-311FF260C634}.Debug|x64.Build.0 = Debug|x64
		{052B9BF1-E89B-4095-8C9E-311FF260C634}.Debug|x86.ActiveCfg = Debug|Win32
		{052B9BF1-E89B-4095-8C9E-311FF260C634}.Debug|x86.Build.0 = Debug|Win32
		{052B9BF1-E89B-4095-8C9E-311FF260C634}.Release|x64.ActiveCfg = Release|x64
		{052B9BF1-E89B-4095-8C9E-311FF260C634}.Release|x64.Build.0 = Release|x64
		{052B9BF1-E89B-4095-8C9E-311FF260C634}.Release|x86.ActiveCfg = Release|Win32
		{052B9BF1-E89B-4095-8C9E-311FF260C634}.Release|x86.Build.0 = Release|Win32
		{86BA0666-41A1-4DAC-81D0-1F249904D632}.Debug|x64.ActiveCfg = Debug|x64
		{86BA0666-41A1-4DAC-81D0-1F249904D632}.Debug|x64.Build.0 = Debug|x64
		{86BA0666-41A1-4DAC-81D0-1F249904D632}.Debug|x86.ActiveCfg = Debug|Win32
		{86BA0666-41A1-4DAC-81D0-1F249904D632}.Debug|x86.Build.0 = Debug|Win32
		{86BA0666-41A1-4DAC-81D0-1F249904D632}.Release|x64.ActiveCfg = Release|x64
		{86BA0666-41A1-4DAC-81D0-1F249904D632}.Release|x64.Build.0 = Release|x64
		{86BA0666-41A1-4DAC-81D0-1F249904D632}.Release|x86.ActiveCfg = Release|Win32
		{86BA0666-41A1-4DAC-81D0-1F249904D632}.Release|x86.Build.0 = Release|Win32
		{242EDE3D-0DC0-48BD-83D6-3679B7EEAE61}.Debug|x64.ActiveCfg = Debug|x64
		{242EDE3D-0DC0-48BD-83D6-3679B7EEAE61}.Debug|x64.Build.0 = Debug|x64
		{242EDE3D-0DC0-48BD-83D6-3679B7EEAE61}.Debug|x86.ActiveCfg = Debug|Win32
		{242EDE3D-0DC0-48BD-83D6-3679B7EEAE61}.Debug|x86.Build.0 = Debug|Win32
		{242EDE3D-0DC0-48BD-83D6-3679B7EEAE61}.Release|x64.ActiveCfg = Release|x64
		{242EDE3D-0DC0-48BD-83D6-3679B7EEAE61}.Release|x64.Build.0 = Release|x64
		{242EDE3D-0DC0-48BD-83D6-3679B7EEAE61}.Release|x86.ActiveCfg = Release|Win32
		{242EDE3D-0DC0-48BD-83D6-3679B7EEAE61}.Release|x86.Build.0 = Release|Win32
		{BA0D715B-6388-4897-A820-2586E531A803}.Debug|x64.ActiveCfg = Debug|x64
		{BA0D715B-6388-4897-A820-2586E531A803}.Debug|x64.Build.0 = Debug|x64
		{BA0D715B-6388-4897-A820-2586E531A803}.Debug|x86.ActiveCfg = Debug|Win32
		{BA0D715B-6388-4897-A820-2586E531A803}.Debug|x86.Build.0 = Debug|Win32
		{BA0D715B-6388-4897-A820-2586E531A803}.Release|x64.ActiveCfg = Release|x64
		{BA0D715B-6388-4897-A820-2586E531A803}.Release|x64.Build.0 = Release|x64
		{BA0D715B-6388-4897-A820-2586E531A803}.Release|x86.ActiveCfg = Release|Win32
		{BA0D715B-6388-4897-A820-2586E531A803}.Release|x86.Build.0 = Release|Win32
		{AEA7F6E9-D1DC-440C-828F-C54AC5779149}.Debug|x64.ActiveCfg = Debug|x64
		{AEA7F6E9-D1DC-440C-828F-C54AC5779149}.Debug|x64.Build.0 = Debug|x64
		{AEA7F6E9-D1DC-440C-828F-C54AC5779149}.Debug|x86.ActiveCfg = Debug|Win32
		{AEA7F6E9-D1DC-440C-828F-C54AC5779149}.Debug|x86.Build.0 = Debug|Win32
		{AEA7F6E9-D1DC-440C-828F-C54AC5779149}.Release|x64.ActiveCfg = Release|x64
		{AEA7F6E9-D1DC-440C-828F-C54AC5779149}.Release|x64.Build.0 = Release|x64
		{AEA7F6E9-D1DC-440C-828F-C54AC5779149}.Release|x86.ActiveCfg = Release|Win32
		{AEA7F6E9-D1DC-440C-828F-C54AC5779149}.Release|x86.Build.0 = Release|Win32
		{82B854D8-D015-4237-9E53-308F27A8B989}.Debug|x64.ActiveCfg = Debug|x64
		{82B854D8-D015-4237-9E53-308F27A8B989}.Debug|x64.Build.0 = Debug|x64
		{82B854D8-D015-4237-9E53-308F27A8B989}.Debug|x86.ActiveCfg = Debug|Win32
		{82B854D8-D015-4237-9E53-308F27A8B989}.Debug|x86.Build.0 = Debug|Win32
		{82B854D8-D015-4237-9E53-308F27A8B989}.Release|x64.ActiveCfg = Release|x64
		{82B854D8-D015-4237-9E53-308F27A8B989}.Release|x64.Build.0 = Release|x64
		{82B854D8-D015-4237-9E53-308F27A8B989}.Release|x86.ActiveCfg = Release|Win32
		{82B854D8-D015-4237-9E53-308F27A8B989}.Release|x86.Build.0 = Release|Win32
		{C98B6CA6-F91C-4F68-9065-0AA7C6304665}.Debug|x64.ActiveCfg = Debug|x64
		{C98B6CA6-F91C-4F68-9065-0AA7C6304665}.Debug|x64.Build.0 = Debug|x64
		{C98B6CA6-F91C-4F68-9065-0AA7C6304665}.Debug|x86.ActiveCfg = Debug|Win32
		{C98B6CA6-F91C-4F68-9065-0AA7C6304665}.Debug|x86.Build.0 = Debug|Win32
		{C98B6CA6-F91C-4F68-9065-0AA7C6304665}.Release|x64.ActiveCfg = Release|x64
		{C98B6CA6-F91C-4F68-9065-0AA7C6304665}.Release|x64.Build.0 = Release|x64
		{C98B6CA6-F91C-4F68-9065-0AA7C6304665}.Release|x86.ActiveCfg = Release|Win32
		{C98B6CA6-F91C-4F68-9065-0AA7C6304665}.Release|x86.Build.0 = Release|Win32
		{9C62FACB-B97C-4D69-8B85-E4BB77834D98}.Debug|x64.ActiveCfg = Debug|x64
		{9C62FACB-B97C-4D69-8B85-E4BB77834D98}.Debug|x64.Build.0 = Debug|x64
		{9C62FACB-B97C-4D69-8B85-E4BB77834D98}.Debug|x86.ActiveCfg = Debug|Win32
		{9C62FACB-B97C-4D69-8B85-E4BB77834D98}.Debug|x86.Build.0 = Debug|Win32
		{9C62FACB-B97C-4D69-8B85-E4BB77834D98}.Release|x64.ActiveCfg = Release|x64
		{9C62FACB-B97C-4D69-8B85-E4BB77834D98}.Release|x64.Build.0 = Release|x64
		{9C62FACB-B97C-4D69-8B85-E4BB77834D98}.Release|x86.ActiveCfg = Release|Win32
		{9C62FACB-B97C-4D69-8B85-E4BB77834D98}.Release|x86.Build.0 = Release|Win32
		{4310D2D5-BC28-4956-B7AC-C308557BC4B8}.Debug|x64.ActiveCfg = Debug|x64
		{4310D2D5-BC28-4956-B7AC-C308557BC4B8}.Debug|x64.Build.0 = Debug|x64
		{4310D2D5-BC28-4956-B7AC-C308557BC4B8}.Debug|x86.ActiveCfg = Debug|Win32
		{4310D2D5-BC28-4956-B7AC-C308557BC4B8}.Debug|x86.Build.0 = Debug|Win32
		{4310D2D5-BC28-4956-B7AC-C308557BC4B8}.Release|x64.ActiveCfg = Release|x64
		{4310D2D5-BC28-4956-B7AC-C308557BC4B8}.Release|x64.Build.0 = Release|x64
		{4310D2D5-BC28-4956-B7AC-C308557BC4B8}.Release|x86.ActiveCfg = Release|Win32
		{4310D2D5-BC28-4956-B7AC-C308557BC4B8}.Release|x86.Build.0 = Release|Win32
		{D50884F3-4631-409C-92B7-BB7414EDF8B0}.Debug|x64.ActiveCfg = Debug|x64
		{D50884F3-4631-409C-92B7-BB7414EDF8B0}.Debug|x64.Build.0 = Debug|x64
		{D50884F3-4631-409C-92B7-BB7414EDF8B0}.Debug|x86.ActiveCfg = Debug|Win32
		{D50884F3-4631-409C-92B7-BB7414EDF8B0}.Debug|x86.Build.0 = Debug|Win32
		{D50884F3-4631-409C-92B7-BB7414EDF8B0}.Release|x64.ActiveCfg = Release|x64
		{D50884F3-4631-409C-92B7-BB7414EDF8B0}.Release|x64.Build.0 = Release|x64
		{D50884F3-4631-409C-92B7-BB7414EDF8B0}.Release|x86.ActiveCfg = Release|Win32
		{D50884F3-4631-409C-92B7-BB7414EDF8B0}.Release|x86.Build.0 = Release|Win32
		{1AAB362C-23C3-4DBC-9384-5A9ECF91742C}.Debug|x64.ActiveCfg = Debug|x64
		{1AAB362C-23C3-4DBC-9384-5A9ECF91742C}.Debug|x64.Build.0 = Debug|x64
		{1AAB362C-23C3-4DBC-9384-5A9ECF91742C}.Debug|x86.ActiveCfg = Debug|Win32
		{1AAB362C-23C3-4DBC-9384-5A9ECF91742C}.Debug|x86.Build.0 = Debug|Win32
		{1AAB362C-23C3-4DBC-9384-5A9ECF91742C}.Release|x64.ActiveCfg = Release|x64
		{1AAB362C-23C3-4DBC-9384-5A9ECF91742C}.Release|x64.Build.0 = Release|x64
		{1AAB362C-23C3-4DBC-9384-5A9ECF91742C}.Release|x86.ActiveCfg = Release|Win32
		{1AAB362C-23C3-4DBC-9384-5A9ECF91742C}.Release|x86.Build.0 = Release|Win32
		{E791A322-2E0C-46C1-816A-6C60B20471F1}.Debug|x64.ActiveCfg = Debug|x64
		{E791A322-2E0C-46C1-816A-6C60B20471F1}.Debug|x64.Build.0 = Debug|x64
		{E791A322-2E0C-46C1-816A-6C60B20471F1}.Debug|x86.ActiveCfg = Debug|Win32
		{E791A322-2E0C-46C1-816A-6C60B20471F1}.Debug|x86.Build.0 = Debug|Win32
		{E791A322-2E0C-46C1-816A-6C60B20471F1}.Release|x64.ActiveCfg = Release|x64
		{E791A322-2E0C-46C1-816A-6C60B20471F1}.Release|x64.Build.0 = Release|x64
		{E791A322-2E0C-46C1-816A-6C60B20471F1}.Release|x86.ActiveCfg = Release|Win32
		{E791A322-2E0C-46C1-816A-6C60B20471F1}.Release|x86.Build.0 = Release|Win32
		{6D70AA31-1F8E-41E9-9A28-3B8F3D812E43}.Debug|x64.ActiveCfg = Debug|x64
		{6D70AA31-1F8E-41E9-9A28-3B8F3D812E43}.Debug|x64.Build.0 = Debug|x64
		{6D70AA31-1F8E-41E9-9A28-3B8F3D812E43}.Debug|x86.ActiveCfg = Debug|Win32
		{6D70AA31-1F8E-41E9-9A28-3B8F3D812E43}.Debug|x86.Build.0 = Debug|Win32
		{6D70AA31-1F8E-41E9-9A28-3B8F3D812E43}.Release|x64.ActiveCfg = Release|x64
		{6D70AA31-1F8E-41E9-9A28-3B8F3D812E43}.Release|x64.Build.0 = Release|x64
		{6D70AA31-1F8E-41E9-9A28-3B8F3D812E43}.Release|x86.ActiveCfg = Release|Win32
		{6D70AA31-1F8E-41E9-9A28-3B8F3D812E43}.Release|x86.Build.0 = Release|Win32
		{4EE48CD8-D6F0-41EC-95A0-C029D6B34712}.Debug|x64.ActiveCfg = Debug|x64
		{4EE48CD8-D6F0-41EC-95A0-C029D6B34712}.Debug|x64.Build.0 = Debug|x64
		{4EE48CD8-D6F0-41EC-95A0-C029D6B34712}.Debug|x86.ActiveCfg = Debug|Win32
		{4EE48CD8-D6F0-41EC-95A0-C029D6B34712}.Debug|x86.Build.0 = Debug|Win32
		{4EE48CD8-D6F0-41EC-95A0-C029D6B34712}.Release|x64.ActiveCfg = Release|x64
		{4EE48CD8-D6F0-41EC-95A0-C029D6B34712}.Release|x64.Build.0 = Release|x64
		{4EE48CD8-D6F0-41EC-95A0-C029D6B34712}.Release|x86.ActiveCfg = Release|Win32
		{4EE48CD8-D6F0-41EC-95A0-C029D6B34712}.Release|x86.Build.0 = Release|Win32
		{919BAA4B-EBFA-4626-80C9-B63C8E1AE1FB}.Debug|x64.ActiveCfg = Debug|x64
		{919BAA4B-EBFA-4626-80C9-B63C8E1AE1FB}.Debug|x64.Build.0 = Debug|x64
		{919BAA4B-EBFA-4626-80C9-B63C8E1AE1FB}.Debug|x86.ActiveCfg = Debug|Win32
		{919BAA4B-EBFA-4626-80C9-B63C8E1AE1FB}.Debug|x86.Build.0 = Debug|Win32
		{919BAA4B-EBFA-4626-80C9-B63C8E1AE1FB}.Release|x64.ActiveCfg = Release|x64
		{919BAA4B-EBFA-4626-80C9-B63C8E1AE1FB}.Release|x64.Build.0 = Release|x64
		{919BAA4B-EBFA-4626-80C9-B63C8E1AE1FB}.Release|x86.ActiveCfg = Release|Win32
		{919BAA4B-EBFA-4626-80C9-B63C8E1AE1FB}.Release|x86.Build.0 = Release|Win32
		{FCDD98EA-2A0B-4060-BD17-379F1F786143}.Debug|x64.ActiveCfg = Debug|x64
		{FCDD98EA-2A0B-4060-BD17-379F1F786143}.Debug|x64.Build.0 = Debug|x64
		{FCDD98EA-2A0B-4060-BD17-379F1F786143}.Debug|x86.ActiveCfg = Debug|Win32
		{FCDD98EA-2A0B-4060-BD17-379F1F786143}.Debug|x86.Build.0 = Debug|Win32
		{FCDD98EA-2A0B-4060-BD17-379F1F786143}.Release|x64.ActiveCfg = Release|x64
		{FCDD98EA-2A0B-4060-BD17-379F1F786143}.Release|x64.Build.0 = Release|x64
		{FCDD98EA-2A0B-4060-BD17-379F1F786143}.Release|x86.ActiveCfg = Release|Win32
		{FCDD98EA-2A0B-4060-BD17-379F1F786143}.Release|x86.Build.0 = Release|Win32
		{C0748B92-13C1-4E04-B671-810115373EAE}.Debug|x64.ActiveCfg = Debug|x64
		{C0748B92-13C1-4E04-B671-810115373EAE}.Debug|x64.Build.0 = Debug|x64
		{C0748B92-13C1-4E04-B671-810115373EAE}.Debug|x86.ActiveCfg = Debug|Win32
		{C0748B92-13C1-4E04-B671-810115373EAE}.Debug|x86.Build.0 = Debug|Win32
		{C0748B92-13C1-4E04-B671-810115373EAE}.Release|x64.ActiveCfg = Release|x64
		{C0748B92-13C1-4E04-B671-810115373EAE}.Release|x64.Build.0 = Release|x64
		{C0748B92-13C1-4E04-B671-810115373EAE}.Release|x86.ActiveCfg = Release|Win32
		{C0748B92-13C1-4E04-B671-810115373EAE}.Release|x86.Build.0 = Release|Win32
		{71D022DA-C902-430F-9B39-509C3C7AA96D}.Debug|x64.ActiveCfg = Debug|x64
		{71D022DA-C902-430F-9B39-509C3C7AA96D}.Debug|x64.Build.0 = Debug|x64
		{71D022DA-C902-430F-9B39-509C3C7AA96D}.Debug|x86.ActiveCfg = Debug|Win32
		{71D022DA-C902-430F-9B39-509C3C7AA96D}.Debug|x86.Build.0 = Debug|Win32
		{71D022DA-C902-430F-9B39-509C3C7AA96D}.Release|x64.ActiveCfg = Release|x64
		{71D022DA-C902-430F-9B39-509C3C7AA96D}.Release|x64.Build.0 = Release|x64
		{71D022DA-C902-430F-9B39-509C3C7AA96D}.Release|x86.ActiveCfg = Release|Win32
		{71D022DA-C902-430F-9B39-509C3C7AA96D}.Release|x86.Build.0 = Release|Win32
		{C937904B-3E6F-4797-B012-7A44127DB8C3}.Debug|x64.ActiveCfg = Debug|x64
		{C937904B-3E6F-4797-B012-7A44127DB8C3}.Debug|x64.Build.0 = Debug|x64
		{C937904B-3E6F-4797-B012-7A44127DB8C3}.Debug|x86.ActiveCfg = Debug|Win32
		{C937904B-3E6F-4797-B012-7A44127DB8C3}.Debug|x86.Build.0 = Debug|Win32
		{C937904B-3E6F-4797-B012-7A44127DB8C3}.Release|x64.ActiveCfg = Release|x64
		{C937904B-3E6F-4797-B012-7A44127DB8C3}.Release|x64.Build.0 = Release|x64
		{C937904B-3E6F-4797-B012-7A44127DB8C3}.Release|x86.ActiveCfg = Release|Win32
		{C937904B-3E6F-4797-B012-7A44127DB8C3}.Release|x86.Build.0 = Release|Win32
		{BCBFA96A-5473-48B4-AA34-A7325311B3A7}.Debug|x64.ActiveCfg = Debug|x64
		{BCBFA96A-5473-48B4-AA34-A7325311B3A7}.Debug|x64.Build.0 = Debug|x64
		{BCBFA96A-5473-48B4-AA34-A7325311B3A7}.Debug|x86.ActiveCfg = Debug|Win32
		{BCBFA96A-5473-48B4-AA34-A7325311B3A7}.Debug|x86.Build.0 = Debug|Win32
		{BCBFA96A-5473-48B4-AA34-A7325311B3A7}.Release|x64.ActiveCfg = Release|x64
		{BCBFA96A-5473-48B4-AA34-A7325311B3A7}.Release|x64.Build.0 = Release|x64
		{BCBFA96A-5473-48B4-AA34-A7325311B3A7}.Release|x86.ActiveCfg = Release|Win32
		{BCBFA96A-5473-48B4-AA34-A7325311B3A7}.Release|x86.Build.0 = Release|Win32
		{6F3C0C8B-6395-44CA-825A-22BAD3797E78}.Debug|x64.ActiveCfg = Debug|x64
		{6F3C0C8B-6395-44CA-825A-22BAD3797E78}.Debug|x64.Build.0 = Debug|x64
		{6F3C0C8B-6395-44CA-825A-22BAD3797E78}.Debug|x86.ActiveCfg = Debug|Win32
		{6F3C0C8B-6395-44CA-825A-22BAD3797E78}.Debug|x86.Build.0 = Debug|Win32
		{6F3C0C8B-6395-44CA-825A-22BAD3797E78}.Release|x64.ActiveCfg = Release|x64
		{6F3C0C8B-6395-44CA-825A-22BAD3797E78}.Release|x64.Build.0 = Release|x64
		{6F3C0C8B-6395-44CA-825A-22BAD3797E78}.Release|x86.ActiveCfg = Release|Win32
		{6F3C0C8B-6395-44CA-825A-22BAD3797E78}.Release|x86.Build.0 = Release|Win32
		{D18BBD76-6880-409C-B956-5EB4814D44F2}.Debug|x64.ActiveCfg = Debug|x64
		{D18BBD76-6880-409C-B956-5EB4814D44F2}.Debug|x64.Build.0 = Debug|x64
		{D18BBD76-6880-409C-B956-5EB4814D44F2}.Debug|x86.ActiveCfg = Debug|Win32
		{D18BBD76-6880-409C-B956-5EB4814D44F2}.Debug|x86.Build.0 = Debug|Win32
		{D18BBD76-6880-409C-B956-5EB4814D44F2}.Release|x64.ActiveCfg = Release|x64
		{D18BBD76-6880-409C-B956-5EB4814D44F2}.Release|x64.Build.0 = Release|x64
		{D18BBD76-6880-409C-B956-5EB4814D44F2}.Release|x86.ActiveCfg = Release|Win32
		{D18BBD76-6880-409C-B956-5EB4814D44F2}.Release|x86.Build.0 = Release|Win32
		{F134F6C6-D53E-417E-AC6A-333EDC3AF65F}.Debug|x64.ActiveCfg = Debug|x64
		{F134F6C6-D53E-417E-AC6A-333EDC3AF65F}.Debug|x64.Build.0 = Debug|x64
		{F134F6C6-D53E-417E-AC6A-333EDC3AF65F}.Debug|x86.ActiveCfg = Debug|Win32
		{F134F6C6-D53E-417E-AC6A-333EDC3AF65F}.Debug|x86.Build.0 = Debug|Win32
		{F134F6C6-D53E-417E-AC6A-333EDC3AF65F}.Release|x64.ActiveCfg = Release|x64
		{F134F6C6-D53E-417E-AC6A-333EDC3AF65F}.Release|x64.Build.0 = Release|x64
		{F134F6C6-D53E-417E-AC6A-333EDC3AF65F}.Release|x86.ActiveCfg = Release|Win32
		{F134F6C6-D53E-417E-AC6A-333EDC3AF65F}.Release|x86.Build.0 = Release|Win32
		{803C9D25-A4AA-4302-959B-51CDE0B6E8D8}.Debug|x64.ActiveCfg = Debug|x64
		{803C9D25-A4AA-4302-959B-51CDE0B6E8D8}.Debug|x64.Build.0 = Debug|x64
		{803C9D25-A4AA-4302-959B-51CDE0B6E8D8}.Debug|x86.ActiveCfg = Debug|Win32
		{803C9D25-A4AA-4302-959B-51CDE0B6E8D8}.Debug|x86.Build.0 = Debug|Win32
		{803C9D25-A4AA-4302-959B-51CDE0B6E8D8}.Release|x64.ActiveCfg = Release|x64
		{803C9D25-A4AA-4302-959B-51CDE0B6E8D8}.Release|x64.Build.0 = Release|x64
		{803C9D25-A4AA-4302-959B-51CDE0B6E8D8}.Release|x86.ActiveCfg = Release|Win32
		{803C9D25-A4AA-4302-959B-51CDE0B6E8D8}.Release|x86.Build.0 = Release|Win32
	EndGlobalSection
	GlobalSection(SolutionProperties) = preSolution
		HideSolutionNode = FALSE
	EndGlobalSection
	GlobalSection(NestedProjects) = preSolution
		{D39664E7-33EB-450C-AA70-4BD8C6EBC25A} = {2CB18865-9C1C-44A9-A1DF-BD112DB91F2D}
		{019C8F2A-BDC8-4D44-94F9-1797ABFB245E} = {2CB18865-9C1C-44A9-A1DF-BD112DB91F2D}
	EndGlobalSection
	GlobalSection(ExtensibilityGlobals) = postSolution
		SolutionGuid = {932FCB78-23DB-466A-A109-0585150613A8}
	EndGlobalSection
EndGlobal
