<?xml version="1.0" encoding="utf-8"?>
<Project ToolsVersion="4.0" xmlns="http://schemas.microsoft.com/developer/msbuild/2003">
  <ItemGroup>
    <Filter Include="Source Files">
      <UniqueIdentifier>{4FC737F1-C7A5-4376-A066-2A32D752A2FF}</UniqueIdentifier>
      <Extensions>cpp;c;cc;cxx;c++;def;odl;idl;hpj;bat;asm;asmx</Extensions>
    </Filter>
    <Filter Include="Header Files">
      <UniqueIdentifier>{93995380-89BD-4b04-88EB-625FBE52EBFB}</UniqueIdentifier>
      <Extensions>h;hh;hpp;hxx;h++;hm;inl;inc;ipp;xsd</Extensions>
    </Filter>
    <Filter Include="Resource Files">
      <UniqueIdentifier>{67DA6AB6-F800-4c08-8B7A-83BB121AAD01}</UniqueIdentifier>
      <Extensions>rc;ico;cur;bmp;dlg;rc2;rct;bin;rgs;gif;jpg;jpeg;jpe;resx;tiff;tif;png;wav;mfcribbon-ms</Extensions>
    </Filter>
  </ItemGroup>
  <ItemGroup>
    <Xml Include="content.xml" />
    <Xml Include="t\0001-L007.xml" />
    <Xml Include="t\0001-L033.xml" />
    <Xml Include="t\0001-L034.xml" />
    <Xml Include="t\0001-L039.xml" />
    <Xml Include="t\0001-L044.xml" />
    <Xml Include="t\0001-L049.xml" />
    <Xml Include="t\0001-L055.xml" />
    <Xml Include="t\0001-L081.xml" />
    <Xml Include="t\0001-L082.xml" />
    <Xml Include="t\0001-L086.xml" />
    <Xml Include="t\0001-L088.xml" />
    <Xml Include="libraries\icons.xml" />
    <Xml Include="aiscripts\JP_SatelliteDropper.xml" />
    <Xml Include="libraries\experiences.xml" />
    <Xml Include="t\0001.xml" />
    <Xml Include="aiscripts\JP_GetNearestObjectToMark.xml" />
    <Xml Include="aiscripts\JP_GetNearestSectorWithObjectsToMark.xml" />
    <Xml Include="aiscripts\JP_IdleReturnHome.xml" />
  </ItemGroup>
  <ItemGroup>
    <Xsd Include="md\md.xsd">
      <Filter>Header Files</Filter>
    </Xsd>
    <Xsd Include="aiscripts\aiscripts.xsd">
      <Filter>Header Files</Filter>
    </Xsd>
  </ItemGroup>
</Project>